
Microsoft Visual Studio Solution File, Format Version 12.00
# Visual Studio 15
VisualStudioVersion = 15.0.28010.2003
MinimumVisualStudioVersion = 10.0.40219.1
Project("{FAE04EC0-301F-11D3-BF4B-00C04F79EFBC}") = "Timetable Data", "Timetable Data\Timetable Data.csproj", "{EBAEA19B-C7BF-4894-AD20-C7A469BADB70}"
EndProject
Project("{FAE04EC0-301F-11D3-BF4B-00C04F79EFBC}") = "Timetable Scheduler Winform", "Timetable Scheduler Winform\Timetable Scheduler Winform.csproj", "{C482980B-40B0-4D00-BD6E-2EBD302A881C}"
EndProject
Global
	GlobalSection(SolutionConfigurationPlatforms) = preSolution
		Debug|Any CPU = Debug|Any CPU
		Release|Any CPU = Release|Any CPU
	EndGlobalSection
	GlobalSection(ProjectConfigurationPlatforms) = postSolution
		{EBAEA19B-C7BF-4894-AD20-C7A469BADB70}.Debug|Any CPU.ActiveCfg = Debug|Any CPU
		{EBAEA19B-C7BF-4894-AD20-C7A469BADB70}.Debug|Any CPU.Build.0 = Debug|Any CPU
		{EBAEA19B-C7BF-4894-AD20-C7A469BADB70}.Release|Any CPU.ActiveCfg = Release|Any CPU
		{EBAEA19B-C7BF-4894-AD20-C7A469BADB70}.Release|Any CPU.Build.0 = Release|Any CPU
		{C482980B-40B0-4D00-BD6E-2EBD302A881C}.Debug|Any CPU.ActiveCfg = Debug|Any CPU
		{C482980B-40B0-4D00-BD6E-2EBD302A881C}.Debug|Any CPU.Build.0 = Debug|Any CPU
		{C482980B-40B0-4D00-BD6E-2EBD302A881C}.Release|Any CPU.ActiveCfg = Release|Any CPU
		{C482980B-40B0-4D00-BD6E-2EBD302A881C}.Release|Any CPU.Build.0 = Release|Any CPU
	EndGlobalSection
	GlobalSection(SolutionProperties) = preSolution
		HideSolutionNode = FALSE
	EndGlobalSection
	GlobalSection(ExtensibilityGlobals) = postSolution
		SolutionGuid = {44E774D4-5A2B-4769-9609-D1618D86D5D6}
	EndGlobalSection
EndGlobal
